
Microsoft Visual Studio Solution File, Format Version 12.00
# Visual Studio Version 16
VisualStudioVersion = 16.0.31105.61
MinimumVisualStudioVersion = 10.0.40219.1
Project("{2150E333-8FDC-42A3-9474-1A3956D46DE8}") = "src", "src", "{F488F8E8-558D-4B1E-9688-1F762DD7578E}"
EndProject
Project("{2150E333-8FDC-42A3-9474-1A3956D46DE8}") = "Congratulations", "Congratulations", "{8EB6A5C2-4A01-4038-ADAA-33044EDAAFAC}"
EndProject
Project("{2150E333-8FDC-42A3-9474-1A3956D46DE8}") = "Accounts", "Accounts", "{244D0F49-CF07-456F-A7EE-2408CA190C14}"
EndProject
Project("{2150E333-8FDC-42A3-9474-1A3956D46DE8}") = "Application", "Application", "{143CCC33-59FD-4B93-BDD7-04585C9174B7}"
EndProject
Project("{2150E333-8FDC-42A3-9474-1A3956D46DE8}") = "Contracts", "Contracts", "{53DED568-EBE6-4C2E-80CC-F91DFC660D0E}"
EndProject
Project("{2150E333-8FDC-42A3-9474-1A3956D46DE8}") = "Domain", "Domain", "{0E0F4719-79D3-4BF9-8B22-255DA3DC8B6D}"
EndProject
Project("{2150E333-8FDC-42A3-9474-1A3956D46DE8}") = "Hosts", "Hosts", "{5462F77A-673C-4CA9-94BF-CF1B6208E117}"
EndProject
Project("{2150E333-8FDC-42A3-9474-1A3956D46DE8}") = "Infrastructure", "Infrastructure", "{75822D88-44D2-49FB-9AC8-4BDD4E3586A6}"
EndProject
Project("{2150E333-8FDC-42A3-9474-1A3956D46DE8}") = "Application", "Application", "{C13B3C0B-BB05-4588-9A11-00081CB6F769}"
EndProject
Project("{2150E333-8FDC-42A3-9474-1A3956D46DE8}") = "Contracts", "Contracts", "{4AFABC03-585B-4BF7-A247-D82387E801C2}"
EndProject
Project("{2150E333-8FDC-42A3-9474-1A3956D46DE8}") = "Domain", "Domain", "{2A7C984A-9EE2-45BD-AD6E-ED40589D52AF}"
EndProject
Project("{2150E333-8FDC-42A3-9474-1A3956D46DE8}") = "Hosts", "Hosts", "{401BB778-7166-4F85-8775-634DA0D81C7B}"
EndProject
Project("{2150E333-8FDC-42A3-9474-1A3956D46DE8}") = "Infrastructure", "Infrastructure", "{80E630CF-6BF5-471A-81A6-9B12892CF128}"
EndProject
Project("{2150E333-8FDC-42A3-9474-1A3956D46DE8}") = "Tests", "Tests", "{59EFEA7C-99CC-485A-83E3-75A050585134}"
EndProject
Project("{9A19103F-16F7-4668-BE54-9A1E7A4F7556}") = "Accounts.AppServices", "src\Accounts\Application\Accounts.Application\Accounts.AppServices.csproj", "{67C47C13-D6A7-4996-9869-AD84915EC9E4}"
EndProject
Project("{9A19103F-16F7-4668-BE54-9A1E7A4F7556}") = "Accounts.Contracts", "src\Accounts\Contracts\Accounts.Contracts\Accounts.Contracts.csproj", "{C43ACF09-0821-4DFA-8B55-8FC766069DD6}"
EndProject
Project("{9A19103F-16F7-4668-BE54-9A1E7A4F7556}") = "Accounts.Domain", "src\Accounts\Domain\Accounts.Domain\Accounts.Domain.csproj", "{1BF30737-03A2-42C3-ABA1-30DE002042EC}"
EndProject
Project("{9A19103F-16F7-4668-BE54-9A1E7A4F7556}") = "Accounts.Api", "src\Accounts\Hosts\Accounts.Api\Accounts.Api.csproj", "{903F35FC-8C09-482C-AF94-2A13CB11BD78}"
EndProject
Project("{9A19103F-16F7-4668-BE54-9A1E7A4F7556}") = "Accounts.DataAccess", "src\Accounts\Infrastructure\Accounts.DataAccess\Accounts.DataAccess.csproj", "{6F9A4B6A-943A-4793-8F7C-BCB1E91A44C9}"
EndProject
Project("{9A19103F-16F7-4668-BE54-9A1E7A4F7556}") = "Accounts.MapsterMapper", "src\Accounts\Infrastructure\Accounts.Mapper\Accounts.MapsterMapper.csproj", "{48F654CC-BD5A-47AA-91CE-3F0C970A9CD5}"
EndProject
Project("{9A19103F-16F7-4668-BE54-9A1E7A4F7556}") = "Accounts.Tests", "src\Accounts\Tests\Accounts.Tests.csproj", "{EDC09DB8-C9FF-4501-B97D-17A39A4A06D6}"
EndProject
Project("{2150E333-8FDC-42A3-9474-1A3956D46DE8}") = "NotificationsEmail", "NotificationsEmail", "{620F0DCC-2D86-485C-84B1-0D1A2E830939}"
EndProject
Project("{2150E333-8FDC-42A3-9474-1A3956D46DE8}") = "Application", "Application", "{505BB586-DDC1-4F26-9DBB-B4DB23EAEF48}"
EndProject
Project("{2150E333-8FDC-42A3-9474-1A3956D46DE8}") = "Contracts", "Contracts", "{71BC3934-47E3-427F-8D27-2DC54E9F5DD3}"
EndProject
Project("{2150E333-8FDC-42A3-9474-1A3956D46DE8}") = "Domain", "Domain", "{7B98654B-C40B-4658-98ED-BF5898F07186}"
EndProject
Project("{2150E333-8FDC-42A3-9474-1A3956D46DE8}") = "Hosts", "Hosts", "{CD479447-6070-47F9-9999-799CC931C1E6}"
EndProject
Project("{2150E333-8FDC-42A3-9474-1A3956D46DE8}") = "Infrastructure", "Infrastructure", "{C83C25A0-5F6D-48CA-95E1-C9EE7695084A}"
EndProject
Project("{2150E333-8FDC-42A3-9474-1A3956D46DE8}") = "Tests", "Tests", "{3BFE09A8-A436-4FDC-B803-9DAD97291D6E}"
EndProject
Project("{9A19103F-16F7-4668-BE54-9A1E7A4F7556}") = "NotificationsEmail.ScheduledSender", "src\NotificationsEmail\Application\NotificationsEmail.ScheduledSender\NotificationsEmail.ScheduledSender.csproj", "{04F8BE4E-7994-43D5-A0F8-0FD5EFA2DE53}"
EndProject
Project("{9A19103F-16F7-4668-BE54-9A1E7A4F7556}") = "NotificationsEmail.Services", "src\NotificationsEmail\Application\NotificationsEmail.Services\NotificationsEmail.Services.csproj", "{B5F6704A-FBCF-45BB-B711-4D1D524DFC58}"
EndProject
Project("{9A19103F-16F7-4668-BE54-9A1E7A4F7556}") = "NotificationsEmail.Contracts", "src\NotificationsEmail\Contracts\NotificationsEmail.Contracts\NotificationsEmail.Contracts.csproj", "{E836CF91-4661-400E-8A8E-CCEE4A8E6356}"
EndProject
Project("{9A19103F-16F7-4668-BE54-9A1E7A4F7556}") = "NotificationsEmail.Domain", "src\NotificationsEmail\Domain\NotificationsEmail.Domain\NotificationsEmail.Domain.csproj", "{D837DB5F-4AA5-48DE-951F-37C02D23A827}"
EndProject
Project("{9A19103F-16F7-4668-BE54-9A1E7A4F7556}") = "NotificationsEmail.API", "src\NotificationsEmail\Hosts\NotificationsEmail.API\NotificationsEmail.API.csproj", "{8F7FD623-09AE-4858-AD4C-4B8BBC880D82}"
EndProject
Project("{9A19103F-16F7-4668-BE54-9A1E7A4F7556}") = "NotificationsEmail.Mapper", "src\NotificationsEmail\Infrastructure\NotificationsEmail.Mapper\NotificationsEmail.Mapper.csproj", "{83B62B83-BF11-4A17-862A-70D4D3718435}"
EndProject
Project("{9A19103F-16F7-4668-BE54-9A1E7A4F7556}") = "NotificationsEmail.Migrations", "src\NotificationsEmail\Infrastructure\NotificationsEmail.Migrations\NotificationsEmail.Migrations.csproj", "{F2EEAC5D-E361-4148-A754-B80F7CBD78CC}"
EndProject
Project("{9A19103F-16F7-4668-BE54-9A1E7A4F7556}") = "NotificationsEmail.Repository", "src\NotificationsEmail\Infrastructure\NotificationsEmail.Repository\NotificationsEmail.Repository.csproj", "{C863BC1E-1903-4AEB-93BC-5337B7803771}"
EndProject
Project("{9A19103F-16F7-4668-BE54-9A1E7A4F7556}") = "NotificationsEmail.Notification", "src\NotificationsEmail\Infrastructure\NotificationsEmail.SmtpNotifier\NotificationsEmail.Notification.csproj", "{F802581E-0085-4F2A-924C-44A7EF2EBA74}"
EndProject
Project("{9A19103F-16F7-4668-BE54-9A1E7A4F7556}") = "NotificationsEmail.Tests", "src\NotificationsEmail\Tests\NotificationsEmail.Tests\NotificationsEmail.Tests.csproj", "{B572C746-6465-44BA-87D5-17CE57AC1F4E}"
EndProject
Project("{2150E333-8FDC-42A3-9474-1A3956D46DE8}") = "UserFiles", "UserFiles", "{7E5BCAB5-2646-447C-8B39-910C33B9D066}"
EndProject
Project("{2150E333-8FDC-42A3-9474-1A3956D46DE8}") = "Application", "Application", "{8928FAF8-18BF-4F5C-9373-1FB9C208E71C}"
EndProject
Project("{2150E333-8FDC-42A3-9474-1A3956D46DE8}") = "Contracts", "Contracts", "{6E6FA008-6FF6-4E2D-A059-91B30EF7224C}"
EndProject
Project("{2150E333-8FDC-42A3-9474-1A3956D46DE8}") = "Domain", "Domain", "{29745441-9977-4053-8A05-82F41498B877}"
EndProject
Project("{2150E333-8FDC-42A3-9474-1A3956D46DE8}") = "Hosts", "Hosts", "{12084913-DFB4-462A-A480-875EC2DCA5E5}"
EndProject
Project("{2150E333-8FDC-42A3-9474-1A3956D46DE8}") = "Infrastructure", "Infrastructure", "{2B2E8FE2-DF4F-4D78-BA91-242845E0F697}"
EndProject
Project("{2150E333-8FDC-42A3-9474-1A3956D46DE8}") = "Tests", "Tests", "{6DE49D92-938F-4E6F-8EC3-21FC828C1767}"
EndProject
Project("{9A19103F-16F7-4668-BE54-9A1E7A4F7556}") = "UserFiles.AppServices", "src\UserFiles\Application\UserFiles.Application\UserFiles.AppServices.csproj", "{EEBDAF12-A5F6-4ED0-81D5-F14699AA796E}"
EndProject
Project("{9A19103F-16F7-4668-BE54-9A1E7A4F7556}") = "UserFiles.Contracts", "src\UserFiles\Contracts\UserFiles.Contracts\UserFiles.Contracts.csproj", "{CDBBF8D7-6996-4AA7-BB5E-76D50543CBD7}"
EndProject
Project("{9A19103F-16F7-4668-BE54-9A1E7A4F7556}") = "UserFiles.Domain", "src\UserFiles\Domain\UserFiles.Domain\UserFiles.Domain.csproj", "{DC78563A-4B63-414B-BE4B-6AC8C829E033}"
EndProject
Project("{9A19103F-16F7-4668-BE54-9A1E7A4F7556}") = "UserFiles.Api", "src\UserFiles\Hosts\UserFiles.Api\UserFiles.Api.csproj", "{0E5F5B59-45B2-4309-B2D6-D06B1768FA34}"
EndProject
Project("{9A19103F-16F7-4668-BE54-9A1E7A4F7556}") = "UserFiles.DataAccess", "src\UserFiles\Infrastructure\UserFiles.DataAccess\UserFiles.DataAccess.csproj", "{C4B4F0CD-89F7-4984-9CF5-AC5ED08A24E2}"
EndProject
Project("{9A19103F-16F7-4668-BE54-9A1E7A4F7556}") = "UserFiles.MapsterMapper", "src\UserFiles\Infrastructure\UserFiles.Mapper\UserFiles.MapsterMapper.csproj", "{2BA5FC5B-0849-4377-BAF5-AB92424C71C6}"
EndProject
Project("{9A19103F-16F7-4668-BE54-9A1E7A4F7556}") = "UserFiles.Tests", "src\UserFiles\Tests\UserFiles.Tests.csproj", "{35A09262-39AF-4898-A1C7-D2A932831078}"
EndProject
Project("{FAE04EC0-301F-11D3-BF4B-00C04F79EFBC}") = "Congratulations.AppServices", "src\Congratulations\Application\Congratulations.Application\Congratulations.AppServices.csproj", "{0DBF2485-99A6-4E4E-8EF2-39222CD98D19}"
EndProject
Project("{FAE04EC0-301F-11D3-BF4B-00C04F79EFBC}") = "Congratulations.Contracts", "src\Congratulations\Contracts\Congratulations.Contracts\Congratulations.Contracts.csproj", "{EA131592-3F44-42E1-916B-33A46CB44FEF}"
EndProject
Project("{FAE04EC0-301F-11D3-BF4B-00C04F79EFBC}") = "Congratulations.Domain", "src\Congratulations\Domain\Congratulations.Domain\Congratulations.Domain.csproj", "{5DA5D3A0-A346-44AC-B5B2-A2A43B738BC3}"
EndProject
Project("{FAE04EC0-301F-11D3-BF4B-00C04F79EFBC}") = "Congratulations.Api", "src\Congratulations\Hosts\Congratulations.Api\Congratulations.Api.csproj", "{A98AA71E-14E2-4DAC-81B7-2586A79AA241}"
EndProject
Project("{FAE04EC0-301F-11D3-BF4B-00C04F79EFBC}") = "Congratulations.DataAccess", "src\Congratulations\Infrastructure\Congratulations.DataAccess\Congratulations.DataAccess.csproj", "{8611B940-0B9E-4CD1-803E-746808F3F79E}"
EndProject
Project("{FAE04EC0-301F-11D3-BF4B-00C04F79EFBC}") = "Congratulations.MapsterMapper", "src\Congratulations\Infrastructure\Congratulations.Mapper\Congratulations.MapsterMapper.csproj", "{52494036-5280-4DF4-A713-0425D6906046}"
EndProject
Global
	GlobalSection(SolutionConfigurationPlatforms) = preSolution
		Debug|Any CPU = Debug|Any CPU
		Release|Any CPU = Release|Any CPU
	EndGlobalSection
	GlobalSection(ProjectConfigurationPlatforms) = postSolution
		{67C47C13-D6A7-4996-9869-AD84915EC9E4}.Debug|Any CPU.ActiveCfg = Debug|Any CPU
		{67C47C13-D6A7-4996-9869-AD84915EC9E4}.Debug|Any CPU.Build.0 = Debug|Any CPU
		{67C47C13-D6A7-4996-9869-AD84915EC9E4}.Release|Any CPU.ActiveCfg = Release|Any CPU
		{67C47C13-D6A7-4996-9869-AD84915EC9E4}.Release|Any CPU.Build.0 = Release|Any CPU
		{C43ACF09-0821-4DFA-8B55-8FC766069DD6}.Debug|Any CPU.ActiveCfg = Debug|Any CPU
		{C43ACF09-0821-4DFA-8B55-8FC766069DD6}.Debug|Any CPU.Build.0 = Debug|Any CPU
		{C43ACF09-0821-4DFA-8B55-8FC766069DD6}.Release|Any CPU.ActiveCfg = Release|Any CPU
		{C43ACF09-0821-4DFA-8B55-8FC766069DD6}.Release|Any CPU.Build.0 = Release|Any CPU
		{1BF30737-03A2-42C3-ABA1-30DE002042EC}.Debug|Any CPU.ActiveCfg = Debug|Any CPU
		{1BF30737-03A2-42C3-ABA1-30DE002042EC}.Debug|Any CPU.Build.0 = Debug|Any CPU
		{1BF30737-03A2-42C3-ABA1-30DE002042EC}.Release|Any CPU.ActiveCfg = Release|Any CPU
		{1BF30737-03A2-42C3-ABA1-30DE002042EC}.Release|Any CPU.Build.0 = Release|Any CPU
		{903F35FC-8C09-482C-AF94-2A13CB11BD78}.Debug|Any CPU.ActiveCfg = Debug|Any CPU
		{903F35FC-8C09-482C-AF94-2A13CB11BD78}.Debug|Any CPU.Build.0 = Debug|Any CPU
		{903F35FC-8C09-482C-AF94-2A13CB11BD78}.Release|Any CPU.ActiveCfg = Release|Any CPU
		{903F35FC-8C09-482C-AF94-2A13CB11BD78}.Release|Any CPU.Build.0 = Release|Any CPU
		{6F9A4B6A-943A-4793-8F7C-BCB1E91A44C9}.Debug|Any CPU.ActiveCfg = Debug|Any CPU
		{6F9A4B6A-943A-4793-8F7C-BCB1E91A44C9}.Debug|Any CPU.Build.0 = Debug|Any CPU
		{6F9A4B6A-943A-4793-8F7C-BCB1E91A44C9}.Release|Any CPU.ActiveCfg = Release|Any CPU
		{6F9A4B6A-943A-4793-8F7C-BCB1E91A44C9}.Release|Any CPU.Build.0 = Release|Any CPU
		{48F654CC-BD5A-47AA-91CE-3F0C970A9CD5}.Debug|Any CPU.ActiveCfg = Debug|Any CPU
		{48F654CC-BD5A-47AA-91CE-3F0C970A9CD5}.Debug|Any CPU.Build.0 = Debug|Any CPU
		{48F654CC-BD5A-47AA-91CE-3F0C970A9CD5}.Release|Any CPU.ActiveCfg = Release|Any CPU
		{48F654CC-BD5A-47AA-91CE-3F0C970A9CD5}.Release|Any CPU.Build.0 = Release|Any CPU
		{EDC09DB8-C9FF-4501-B97D-17A39A4A06D6}.Debug|Any CPU.ActiveCfg = Debug|Any CPU
		{EDC09DB8-C9FF-4501-B97D-17A39A4A06D6}.Debug|Any CPU.Build.0 = Debug|Any CPU
		{EDC09DB8-C9FF-4501-B97D-17A39A4A06D6}.Release|Any CPU.ActiveCfg = Release|Any CPU
		{EDC09DB8-C9FF-4501-B97D-17A39A4A06D6}.Release|Any CPU.Build.0 = Release|Any CPU
		{04F8BE4E-7994-43D5-A0F8-0FD5EFA2DE53}.Debug|Any CPU.ActiveCfg = Debug|Any CPU
		{04F8BE4E-7994-43D5-A0F8-0FD5EFA2DE53}.Debug|Any CPU.Build.0 = Debug|Any CPU
		{04F8BE4E-7994-43D5-A0F8-0FD5EFA2DE53}.Release|Any CPU.ActiveCfg = Release|Any CPU
		{04F8BE4E-7994-43D5-A0F8-0FD5EFA2DE53}.Release|Any CPU.Build.0 = Release|Any CPU
		{B5F6704A-FBCF-45BB-B711-4D1D524DFC58}.Debug|Any CPU.ActiveCfg = Debug|Any CPU
		{B5F6704A-FBCF-45BB-B711-4D1D524DFC58}.Debug|Any CPU.Build.0 = Debug|Any CPU
		{B5F6704A-FBCF-45BB-B711-4D1D524DFC58}.Release|Any CPU.ActiveCfg = Release|Any CPU
		{B5F6704A-FBCF-45BB-B711-4D1D524DFC58}.Release|Any CPU.Build.0 = Release|Any CPU
		{E836CF91-4661-400E-8A8E-CCEE4A8E6356}.Debug|Any CPU.ActiveCfg = Debug|Any CPU
		{E836CF91-4661-400E-8A8E-CCEE4A8E6356}.Debug|Any CPU.Build.0 = Debug|Any CPU
		{E836CF91-4661-400E-8A8E-CCEE4A8E6356}.Release|Any CPU.ActiveCfg = Release|Any CPU
		{E836CF91-4661-400E-8A8E-CCEE4A8E6356}.Release|Any CPU.Build.0 = Release|Any CPU
		{D837DB5F-4AA5-48DE-951F-37C02D23A827}.Debug|Any CPU.ActiveCfg = Debug|Any CPU
		{D837DB5F-4AA5-48DE-951F-37C02D23A827}.Debug|Any CPU.Build.0 = Debug|Any CPU
		{D837DB5F-4AA5-48DE-951F-37C02D23A827}.Release|Any CPU.ActiveCfg = Release|Any CPU
		{D837DB5F-4AA5-48DE-951F-37C02D23A827}.Release|Any CPU.Build.0 = Release|Any CPU
		{8F7FD623-09AE-4858-AD4C-4B8BBC880D82}.Debug|Any CPU.ActiveCfg = Debug|Any CPU
		{8F7FD623-09AE-4858-AD4C-4B8BBC880D82}.Debug|Any CPU.Build.0 = Debug|Any CPU
		{8F7FD623-09AE-4858-AD4C-4B8BBC880D82}.Release|Any CPU.ActiveCfg = Release|Any CPU
		{8F7FD623-09AE-4858-AD4C-4B8BBC880D82}.Release|Any CPU.Build.0 = Release|Any CPU
		{83B62B83-BF11-4A17-862A-70D4D3718435}.Debug|Any CPU.ActiveCfg = Debug|Any CPU
		{83B62B83-BF11-4A17-862A-70D4D3718435}.Debug|Any CPU.Build.0 = Debug|Any CPU
		{83B62B83-BF11-4A17-862A-70D4D3718435}.Release|Any CPU.ActiveCfg = Release|Any CPU
		{83B62B83-BF11-4A17-862A-70D4D3718435}.Release|Any CPU.Build.0 = Release|Any CPU
		{F2EEAC5D-E361-4148-A754-B80F7CBD78CC}.Debug|Any CPU.ActiveCfg = Debug|Any CPU
		{F2EEAC5D-E361-4148-A754-B80F7CBD78CC}.Debug|Any CPU.Build.0 = Debug|Any CPU
		{F2EEAC5D-E361-4148-A754-B80F7CBD78CC}.Release|Any CPU.ActiveCfg = Release|Any CPU
		{F2EEAC5D-E361-4148-A754-B80F7CBD78CC}.Release|Any CPU.Build.0 = Release|Any CPU
		{C863BC1E-1903-4AEB-93BC-5337B7803771}.Debug|Any CPU.ActiveCfg = Debug|Any CPU
		{C863BC1E-1903-4AEB-93BC-5337B7803771}.Debug|Any CPU.Build.0 = Debug|Any CPU
		{C863BC1E-1903-4AEB-93BC-5337B7803771}.Release|Any CPU.ActiveCfg = Release|Any CPU
		{C863BC1E-1903-4AEB-93BC-5337B7803771}.Release|Any CPU.Build.0 = Release|Any CPU
		{F802581E-0085-4F2A-924C-44A7EF2EBA74}.Debug|Any CPU.ActiveCfg = Debug|Any CPU
		{F802581E-0085-4F2A-924C-44A7EF2EBA74}.Debug|Any CPU.Build.0 = Debug|Any CPU
		{F802581E-0085-4F2A-924C-44A7EF2EBA74}.Release|Any CPU.ActiveCfg = Release|Any CPU
		{F802581E-0085-4F2A-924C-44A7EF2EBA74}.Release|Any CPU.Build.0 = Release|Any CPU
		{B572C746-6465-44BA-87D5-17CE57AC1F4E}.Debug|Any CPU.ActiveCfg = Debug|Any CPU
		{B572C746-6465-44BA-87D5-17CE57AC1F4E}.Debug|Any CPU.Build.0 = Debug|Any CPU
		{B572C746-6465-44BA-87D5-17CE57AC1F4E}.Release|Any CPU.ActiveCfg = Release|Any CPU
		{B572C746-6465-44BA-87D5-17CE57AC1F4E}.Release|Any CPU.Build.0 = Release|Any CPU
		{EEBDAF12-A5F6-4ED0-81D5-F14699AA796E}.Debug|Any CPU.ActiveCfg = Debug|Any CPU
		{EEBDAF12-A5F6-4ED0-81D5-F14699AA796E}.Debug|Any CPU.Build.0 = Debug|Any CPU
		{EEBDAF12-A5F6-4ED0-81D5-F14699AA796E}.Release|Any CPU.ActiveCfg = Release|Any CPU
		{EEBDAF12-A5F6-4ED0-81D5-F14699AA796E}.Release|Any CPU.Build.0 = Release|Any CPU
		{CDBBF8D7-6996-4AA7-BB5E-76D50543CBD7}.Debug|Any CPU.ActiveCfg = Debug|Any CPU
		{CDBBF8D7-6996-4AA7-BB5E-76D50543CBD7}.Debug|Any CPU.Build.0 = Debug|Any CPU
		{CDBBF8D7-6996-4AA7-BB5E-76D50543CBD7}.Release|Any CPU.ActiveCfg = Release|Any CPU
		{CDBBF8D7-6996-4AA7-BB5E-76D50543CBD7}.Release|Any CPU.Build.0 = Release|Any CPU
		{DC78563A-4B63-414B-BE4B-6AC8C829E033}.Debug|Any CPU.ActiveCfg = Debug|Any CPU
		{DC78563A-4B63-414B-BE4B-6AC8C829E033}.Debug|Any CPU.Build.0 = Debug|Any CPU
		{DC78563A-4B63-414B-BE4B-6AC8C829E033}.Release|Any CPU.ActiveCfg = Release|Any CPU
		{DC78563A-4B63-414B-BE4B-6AC8C829E033}.Release|Any CPU.Build.0 = Release|Any CPU
		{0E5F5B59-45B2-4309-B2D6-D06B1768FA34}.Debug|Any CPU.ActiveCfg = Debug|Any CPU
		{0E5F5B59-45B2-4309-B2D6-D06B1768FA34}.Debug|Any CPU.Build.0 = Debug|Any CPU
		{0E5F5B59-45B2-4309-B2D6-D06B1768FA34}.Release|Any CPU.ActiveCfg = Release|Any CPU
		{0E5F5B59-45B2-4309-B2D6-D06B1768FA34}.Release|Any CPU.Build.0 = Release|Any CPU
		{C4B4F0CD-89F7-4984-9CF5-AC5ED08A24E2}.Debug|Any CPU.ActiveCfg = Debug|Any CPU
		{C4B4F0CD-89F7-4984-9CF5-AC5ED08A24E2}.Debug|Any CPU.Build.0 = Debug|Any CPU
		{C4B4F0CD-89F7-4984-9CF5-AC5ED08A24E2}.Release|Any CPU.ActiveCfg = Release|Any CPU
		{C4B4F0CD-89F7-4984-9CF5-AC5ED08A24E2}.Release|Any CPU.Build.0 = Release|Any CPU
		{2BA5FC5B-0849-4377-BAF5-AB92424C71C6}.Debug|Any CPU.ActiveCfg = Debug|Any CPU
		{2BA5FC5B-0849-4377-BAF5-AB92424C71C6}.Debug|Any CPU.Build.0 = Debug|Any CPU
		{2BA5FC5B-0849-4377-BAF5-AB92424C71C6}.Release|Any CPU.ActiveCfg = Release|Any CPU
		{2BA5FC5B-0849-4377-BAF5-AB92424C71C6}.Release|Any CPU.Build.0 = Release|Any CPU
		{35A09262-39AF-4898-A1C7-D2A932831078}.Debug|Any CPU.ActiveCfg = Debug|Any CPU
		{35A09262-39AF-4898-A1C7-D2A932831078}.Debug|Any CPU.Build.0 = Debug|Any CPU
		{35A09262-39AF-4898-A1C7-D2A932831078}.Release|Any CPU.ActiveCfg = Release|Any CPU
		{35A09262-39AF-4898-A1C7-D2A932831078}.Release|Any CPU.Build.0 = Release|Any CPU
		{0DBF2485-99A6-4E4E-8EF2-39222CD98D19}.Debug|Any CPU.ActiveCfg = Debug|Any CPU
		{0DBF2485-99A6-4E4E-8EF2-39222CD98D19}.Debug|Any CPU.Build.0 = Debug|Any CPU
		{0DBF2485-99A6-4E4E-8EF2-39222CD98D19}.Release|Any CPU.ActiveCfg = Release|Any CPU
		{0DBF2485-99A6-4E4E-8EF2-39222CD98D19}.Release|Any CPU.Build.0 = Release|Any CPU
		{EA131592-3F44-42E1-916B-33A46CB44FEF}.Debug|Any CPU.ActiveCfg = Debug|Any CPU
		{EA131592-3F44-42E1-916B-33A46CB44FEF}.Debug|Any CPU.Build.0 = Debug|Any CPU
		{EA131592-3F44-42E1-916B-33A46CB44FEF}.Release|Any CPU.ActiveCfg = Release|Any CPU
		{EA131592-3F44-42E1-916B-33A46CB44FEF}.Release|Any CPU.Build.0 = Release|Any CPU
		{5DA5D3A0-A346-44AC-B5B2-A2A43B738BC3}.Debug|Any CPU.ActiveCfg = Debug|Any CPU
		{5DA5D3A0-A346-44AC-B5B2-A2A43B738BC3}.Debug|Any CPU.Build.0 = Debug|Any CPU
		{5DA5D3A0-A346-44AC-B5B2-A2A43B738BC3}.Release|Any CPU.ActiveCfg = Release|Any CPU
		{5DA5D3A0-A346-44AC-B5B2-A2A43B738BC3}.Release|Any CPU.Build.0 = Release|Any CPU
		{A98AA71E-14E2-4DAC-81B7-2586A79AA241}.Debug|Any CPU.ActiveCfg = Debug|Any CPU
		{A98AA71E-14E2-4DAC-81B7-2586A79AA241}.Debug|Any CPU.Build.0 = Debug|Any CPU
		{A98AA71E-14E2-4DAC-81B7-2586A79AA241}.Release|Any CPU.ActiveCfg = Release|Any CPU
		{A98AA71E-14E2-4DAC-81B7-2586A79AA241}.Release|Any CPU.Build.0 = Release|Any CPU
		{8611B940-0B9E-4CD1-803E-746808F3F79E}.Debug|Any CPU.ActiveCfg = Debug|Any CPU
		{8611B940-0B9E-4CD1-803E-746808F3F79E}.Debug|Any CPU.Build.0 = Debug|Any CPU
		{8611B940-0B9E-4CD1-803E-746808F3F79E}.Release|Any CPU.ActiveCfg = Release|Any CPU
		{8611B940-0B9E-4CD1-803E-746808F3F79E}.Release|Any CPU.Build.0 = Release|Any CPU
		{52494036-5280-4DF4-A713-0425D6906046}.Debug|Any CPU.ActiveCfg = Debug|Any CPU
		{52494036-5280-4DF4-A713-0425D6906046}.Debug|Any CPU.Build.0 = Debug|Any CPU
		{52494036-5280-4DF4-A713-0425D6906046}.Release|Any CPU.ActiveCfg = Release|Any CPU
		{52494036-5280-4DF4-A713-0425D6906046}.Release|Any CPU.Build.0 = Release|Any CPU
	EndGlobalSection
	GlobalSection(SolutionProperties) = preSolution
		HideSolutionNode = FALSE
	EndGlobalSection
	GlobalSection(NestedProjects) = preSolution
		{8EB6A5C2-4A01-4038-ADAA-33044EDAAFAC} = {F488F8E8-558D-4B1E-9688-1F762DD7578E}
		{244D0F49-CF07-456F-A7EE-2408CA190C14} = {F488F8E8-558D-4B1E-9688-1F762DD7578E}
		{143CCC33-59FD-4B93-BDD7-04585C9174B7} = {8EB6A5C2-4A01-4038-ADAA-33044EDAAFAC}
		{53DED568-EBE6-4C2E-80CC-F91DFC660D0E} = {8EB6A5C2-4A01-4038-ADAA-33044EDAAFAC}
		{0E0F4719-79D3-4BF9-8B22-255DA3DC8B6D} = {8EB6A5C2-4A01-4038-ADAA-33044EDAAFAC}
		{5462F77A-673C-4CA9-94BF-CF1B6208E117} = {8EB6A5C2-4A01-4038-ADAA-33044EDAAFAC}
		{75822D88-44D2-49FB-9AC8-4BDD4E3586A6} = {8EB6A5C2-4A01-4038-ADAA-33044EDAAFAC}
		{C13B3C0B-BB05-4588-9A11-00081CB6F769} = {244D0F49-CF07-456F-A7EE-2408CA190C14}
		{4AFABC03-585B-4BF7-A247-D82387E801C2} = {244D0F49-CF07-456F-A7EE-2408CA190C14}
		{2A7C984A-9EE2-45BD-AD6E-ED40589D52AF} = {244D0F49-CF07-456F-A7EE-2408CA190C14}
		{401BB778-7166-4F85-8775-634DA0D81C7B} = {244D0F49-CF07-456F-A7EE-2408CA190C14}
		{80E630CF-6BF5-471A-81A6-9B12892CF128} = {244D0F49-CF07-456F-A7EE-2408CA190C14}
		{59EFEA7C-99CC-485A-83E3-75A050585134} = {244D0F49-CF07-456F-A7EE-2408CA190C14}
		{67C47C13-D6A7-4996-9869-AD84915EC9E4} = {C13B3C0B-BB05-4588-9A11-00081CB6F769}
		{C43ACF09-0821-4DFA-8B55-8FC766069DD6} = {4AFABC03-585B-4BF7-A247-D82387E801C2}
		{1BF30737-03A2-42C3-ABA1-30DE002042EC} = {2A7C984A-9EE2-45BD-AD6E-ED40589D52AF}
		{903F35FC-8C09-482C-AF94-2A13CB11BD78} = {401BB778-7166-4F85-8775-634DA0D81C7B}
		{6F9A4B6A-943A-4793-8F7C-BCB1E91A44C9} = {80E630CF-6BF5-471A-81A6-9B12892CF128}
		{48F654CC-BD5A-47AA-91CE-3F0C970A9CD5} = {80E630CF-6BF5-471A-81A6-9B12892CF128}
		{EDC09DB8-C9FF-4501-B97D-17A39A4A06D6} = {59EFEA7C-99CC-485A-83E3-75A050585134}
		{620F0DCC-2D86-485C-84B1-0D1A2E830939} = {F488F8E8-558D-4B1E-9688-1F762DD7578E}
		{505BB586-DDC1-4F26-9DBB-B4DB23EAEF48} = {620F0DCC-2D86-485C-84B1-0D1A2E830939}
		{71BC3934-47E3-427F-8D27-2DC54E9F5DD3} = {620F0DCC-2D86-485C-84B1-0D1A2E830939}
		{7B98654B-C40B-4658-98ED-BF5898F07186} = {620F0DCC-2D86-485C-84B1-0D1A2E830939}
		{CD479447-6070-47F9-9999-799CC931C1E6} = {620F0DCC-2D86-485C-84B1-0D1A2E830939}
		{C83C25A0-5F6D-48CA-95E1-C9EE7695084A} = {620F0DCC-2D86-485C-84B1-0D1A2E830939}
		{3BFE09A8-A436-4FDC-B803-9DAD97291D6E} = {620F0DCC-2D86-485C-84B1-0D1A2E830939}
		{04F8BE4E-7994-43D5-A0F8-0FD5EFA2DE53} = {505BB586-DDC1-4F26-9DBB-B4DB23EAEF48}
		{B5F6704A-FBCF-45BB-B711-4D1D524DFC58} = {505BB586-DDC1-4F26-9DBB-B4DB23EAEF48}
		{E836CF91-4661-400E-8A8E-CCEE4A8E6356} = {71BC3934-47E3-427F-8D27-2DC54E9F5DD3}
		{D837DB5F-4AA5-48DE-951F-37C02D23A827} = {7B98654B-C40B-4658-98ED-BF5898F07186}
		{8F7FD623-09AE-4858-AD4C-4B8BBC880D82} = {CD479447-6070-47F9-9999-799CC931C1E6}
		{83B62B83-BF11-4A17-862A-70D4D3718435} = {C83C25A0-5F6D-48CA-95E1-C9EE7695084A}
		{F2EEAC5D-E361-4148-A754-B80F7CBD78CC} = {C83C25A0-5F6D-48CA-95E1-C9EE7695084A}
		{C863BC1E-1903-4AEB-93BC-5337B7803771} = {C83C25A0-5F6D-48CA-95E1-C9EE7695084A}
		{F802581E-0085-4F2A-924C-44A7EF2EBA74} = {C83C25A0-5F6D-48CA-95E1-C9EE7695084A}
		{B572C746-6465-44BA-87D5-17CE57AC1F4E} = {3BFE09A8-A436-4FDC-B803-9DAD97291D6E}
		{7E5BCAB5-2646-447C-8B39-910C33B9D066} = {F488F8E8-558D-4B1E-9688-1F762DD7578E}
		{8928FAF8-18BF-4F5C-9373-1FB9C208E71C} = {7E5BCAB5-2646-447C-8B39-910C33B9D066}
		{6E6FA008-6FF6-4E2D-A059-91B30EF7224C} = {7E5BCAB5-2646-447C-8B39-910C33B9D066}
		{29745441-9977-4053-8A05-82F41498B877} = {7E5BCAB5-2646-447C-8B39-910C33B9D066}
		{12084913-DFB4-462A-A480-875EC2DCA5E5} = {7E5BCAB5-2646-447C-8B39-910C33B9D066}
		{2B2E8FE2-DF4F-4D78-BA91-242845E0F697} = {7E5BCAB5-2646-447C-8B39-910C33B9D066}
		{6DE49D92-938F-4E6F-8EC3-21FC828C1767} = {7E5BCAB5-2646-447C-8B39-910C33B9D066}
		{EEBDAF12-A5F6-4ED0-81D5-F14699AA796E} = {8928FAF8-18BF-4F5C-9373-1FB9C208E71C}
		{CDBBF8D7-6996-4AA7-BB5E-76D50543CBD7} = {6E6FA008-6FF6-4E2D-A059-91B30EF7224C}
		{DC78563A-4B63-414B-BE4B-6AC8C829E033} = {29745441-9977-4053-8A05-82F41498B877}
		{0E5F5B59-45B2-4309-B2D6-D06B1768FA34} = {12084913-DFB4-462A-A480-875EC2DCA5E5}
		{C4B4F0CD-89F7-4984-9CF5-AC5ED08A24E2} = {2B2E8FE2-DF4F-4D78-BA91-242845E0F697}
		{2BA5FC5B-0849-4377-BAF5-AB92424C71C6} = {2B2E8FE2-DF4F-4D78-BA91-242845E0F697}
		{35A09262-39AF-4898-A1C7-D2A932831078} = {6DE49D92-938F-4E6F-8EC3-21FC828C1767}
		{0DBF2485-99A6-4E4E-8EF2-39222CD98D19} = {143CCC33-59FD-4B93-BDD7-04585C9174B7}
		{EA131592-3F44-42E1-916B-33A46CB44FEF} = {53DED568-EBE6-4C2E-80CC-F91DFC660D0E}
		{5DA5D3A0-A346-44AC-B5B2-A2A43B738BC3} = {0E0F4719-79D3-4BF9-8B22-255DA3DC8B6D}
		{A98AA71E-14E2-4DAC-81B7-2586A79AA241} = {5462F77A-673C-4CA9-94BF-CF1B6208E117}
		{8611B940-0B9E-4CD1-803E-746808F3F79E} = {75822D88-44D2-49FB-9AC8-4BDD4E3586A6}
		{52494036-5280-4DF4-A713-0425D6906046} = {75822D88-44D2-49FB-9AC8-4BDD4E3586A6}
	EndGlobalSection
	GlobalSection(ExtensibilityGlobals) = postSolution
		SolutionGuid = {AE633C48-C998-423E-8C40-A2514D5D900B}
	EndGlobalSection
EndGlobal
